// !$*UTF8*$!
{
	archiveVersion = 1;
	classes = {
	};
	objectVersion = 56;
	objects = {

/* Begin PBXBuildFile section */
		310E26CE2A262EE8009A6119 /* Person.m in Sources */ = {isa = PBXBuildFile; fileRef = 310E26CD2A262EE8009A6119 /* Person.m */; };
		310E26D12A262F06009A6119 /* Father.m in Sources */ = {isa = PBXBuildFile; fileRef = 310E26D02A262F06009A6119 /* Father.m */; };
		310E26D42A262F1E009A6119 /* Son.m in Sources */ = {isa = PBXBuildFile; fileRef = 310E26D32A262F1E009A6119 /* Son.m */; };
		310E26D72A271F51009A6119 /* Person+Category.m in Sources */ = {isa = PBXBuildFile; fileRef = 310E26D62A271F51009A6119 /* Person+Category.m */; };
		310E26E12A27221F009A6119 /* UIView+Frame.m in Sources */ = {isa = PBXBuildFile; fileRef = 310E26E02A27221F009A6119 /* UIView+Frame.m */; };
		310E26E72A2724AE009A6119 /* Father+Load.m in Sources */ = {isa = PBXBuildFile; fileRef = 310E26E62A2724AE009A6119 /* Father+Load.m */; };
		310E26EA2A2724C2009A6119 /* Son+Load.m in Sources */ = {isa = PBXBuildFile; fileRef = 310E26E92A2724C2009A6119 /* Son+Load.m */; };
		310E26ED2A2724F1009A6119 /* Son+Initialize.m in Sources */ = {isa = PBXBuildFile; fileRef = 310E26EC2A2724F1009A6119 /* Son+Initialize.m */; };
		310E26F02A272509009A6119 /* Father+Initialize.m in Sources */ = {isa = PBXBuildFile; fileRef = 310E26EF2A272509009A6119 /* Father+Initialize.m */; };
		310E26F42A2725A1009A6119 /* Son+Association.m in Sources */ = {isa = PBXBuildFile; fileRef = 310E26F32A2725A1009A6119 /* Son+Association.m */; };
		318BC4962A25EDC4007D19BD /* AppDelegate.m in Sources */ = {isa = PBXBuildFile; fileRef = 318BC4952A25EDC4007D19BD /* AppDelegate.m */; };
		318BC4992A25EDC4007D19BD /* SceneDelegate.m in Sources */ = {isa = PBXBuildFile; fileRef = 318BC4982A25EDC4007D19BD /* SceneDelegate.m */; };
		318BC49C2A25EDC4007D19BD /* ViewController.m in Sources */ = {isa = PBXBuildFile; fileRef = 318BC49B2A25EDC4007D19BD /* ViewController.m */; };
		318BC49F2A25EDC4007D19BD /* Main.storyboard in Resources */ = {isa = PBXBuildFile; fileRef = 318BC49D2A25EDC4007D19BD /* Main.storyboard */; };
		318BC4A12A25EDC7007D19BD /* Assets.xcassets in Resources */ = {isa = PBXBuildFile; fileRef = 318BC4A02A25EDC7007D19BD /* Assets.xcassets */; };
		318BC4A42A25EDC7007D19BD /* LaunchScreen.storyboard in Resources */ = {isa = PBXBuildFile; fileRef = 318BC4A22A25EDC7007D19BD /* LaunchScreen.storyboard */; };
		318BC4A72A25EDC7007D19BD /* main.m in Sources */ = {isa = PBXBuildFile; fileRef = 318BC4A62A25EDC7007D19BD /* main.m */; };
/* End PBXBuildFile section */

/* Begin PBXFileReference section */
		310E26CC2A262EE8009A6119 /* Person.h */ = {isa = PBXFileReference; lastKnownFileType = sourcecode.c.h; path = Person.h; sourceTree = "<group>"; };
		310E26CD2A262EE8009A6119 /* Person.m */ = {isa = PBXFileReference; lastKnownFileType = sourcecode.c.objc; path = Person.m; sourceTree = "<group>"; };
		310E26CF2A262F06009A6119 /* Father.h */ = {isa = PBXFileReference; lastKnownFileType = sourcecode.c.h; path = Father.h; sourceTree = "<group>"; };
		310E26D02A262F06009A6119 /* Father.m */ = {isa = PBXFileReference; lastKnownFileType = sourcecode.c.objc; path = Father.m; sourceTree = "<group>"; };
		310E26D22A262F1D009A6119 /* Son.h */ = {isa = PBXFileReference; lastKnownFileType = sourcecode.c.h; path = Son.h; sourceTree = "<group>"; };
		310E26D32A262F1E009A6119 /* Son.m */ = {isa = PBXFileReference; lastKnownFileType = sourcecode.c.objc; path = Son.m; sourceTree = "<group>"; };
		310E26D52A271F51009A6119 /* Person+Category.h */ = {isa = PBXFileReference; lastKnownFileType = sourcecode.c.h; path = "Person+Category.h"; sourceTree = "<group>"; };
		310E26D62A271F51009A6119 /* Person+Category.m */ = {isa = PBXFileReference; lastKnownFileType = sourcecode.c.objc; path = "Person+Category.m"; sourceTree = "<group>"; };
		310E26D82A271F86009A6119 /* Person+Extension.h */ = {isa = PBXFileReference; lastKnownFileType = sourcecode.c.h; path = "Person+Extension.h"; sourceTree = "<group>"; };
		310E26DF2A27221F009A6119 /* UIView+Frame.h */ = {isa = PBXFileReference; lastKnownFileType = sourcecode.c.h; path = "UIView+Frame.h"; sourceTree = "<group>"; };
		310E26E02A27221F009A6119 /* UIView+Frame.m */ = {isa = PBXFileReference; lastKnownFileType = sourcecode.c.objc; path = "UIView+Frame.m"; sourceTree = "<group>"; };
		310E26E52A2724AE009A6119 /* Father+Load.h */ = {isa = PBXFileReference; lastKnownFileType = sourcecode.c.h; path = "Father+Load.h"; sourceTree = "<group>"; };
		310E26E62A2724AE009A6119 /* Father+Load.m */ = {isa = PBXFileReference; lastKnownFileType = sourcecode.c.objc; path = "Father+Load.m"; sourceTree = "<group>"; };
		310E26E82A2724C2009A6119 /* Son+Load.h */ = {isa = PBXFileReference; lastKnownFileType = sourcecode.c.h; path = "Son+Load.h"; sourceTree = "<group>"; };
		310E26E92A2724C2009A6119 /* Son+Load.m */ = {isa = PBXFileReference; lastKnownFileType = sourcecode.c.objc; path = "Son+Load.m"; sourceTree = "<group>"; };
		310E26EB2A2724F1009A6119 /* Son+Initialize.h */ = {isa = PBXFileReference; lastKnownFileType = sourcecode.c.h; path = "Son+Initialize.h"; sourceTree = "<group>"; };
		310E26EC2A2724F1009A6119 /* Son+Initialize.m */ = {isa = PBXFileReference; lastKnownFileType = sourcecode.c.objc; path = "Son+Initialize.m"; sourceTree = "<group>"; };
		310E26EE2A272509009A6119 /* Father+Initialize.h */ = {isa = PBXFileReference; lastKnownFileType = sourcecode.c.h; path = "Father+Initialize.h"; sourceTree = "<group>"; };
		310E26EF2A272509009A6119 /* Father+Initialize.m */ = {isa = PBXFileReference; lastKnownFileType = sourcecode.c.objc; path = "Father+Initialize.m"; sourceTree = "<group>"; };
		310E26F22A2725A1009A6119 /* Son+Association.h */ = {isa = PBXFileReference; lastKnownFileType = sourcecode.c.h; path = "Son+Association.h"; sourceTree = "<group>"; };
		310E26F32A2725A1009A6119 /* Son+Association.m */ = {isa = PBXFileReference; lastKnownFileType = sourcecode.c.objc; path = "Son+Association.m"; sourceTree = "<group>"; };
		318BC4912A25EDC4007D19BD /* CategoryDemo.app */ = {isa = PBXFileReference; explicitFileType = wrapper.application; includeInIndex = 0; path = CategoryDemo.app; sourceTree = BUILT_PRODUCTS_DIR; };
		318BC4942A25EDC4007D19BD /* AppDelegate.h */ = {isa = PBXFileReference; lastKnownFileType = sourcecode.c.h; path = AppDelegate.h; sourceTree = "<group>"; };
		318BC4952A25EDC4007D19BD /* AppDelegate.m */ = {isa = PBXFileReference; lastKnownFileType = sourcecode.c.objc; path = AppDelegate.m; sourceTree = "<group>"; };
		318BC4972A25EDC4007D19BD /* SceneDelegate.h */ = {isa = PBXFileReference; lastKnownFileType = sourcecode.c.h; path = SceneDelegate.h; sourceTree = "<group>"; };
		318BC4982A25EDC4007D19BD /* SceneDelegate.m */ = {isa = PBXFileReference; lastKnownFileType = sourcecode.c.objc; path = SceneDelegate.m; sourceTree = "<group>"; };
		318BC49A2A25EDC4007D19BD /* ViewController.h */ = {isa = PBXFileReference; lastKnownFileType = sourcecode.c.h; path = ViewController.h; sourceTree = "<group>"; };
		318BC49B2A25EDC4007D19BD /* ViewController.m */ = {isa = PBXFileReference; lastKnownFileType = sourcecode.c.objc; path = ViewController.m; sourceTree = "<group>"; };
		318BC49E2A25EDC4007D19BD /* Base */ = {isa = PBXFileReference; lastKnownFileType = file.storyboard; name = Base; path = Base.lproj/Main.storyboard; sourceTree = "<group>"; };
		318BC4A02A25EDC7007D19BD /* Assets.xcassets */ = {isa = PBXFileReference; lastKnownFileType = folder.assetcatalog; path = Assets.xcassets; sourceTree = "<group>"; };
		318BC4A32A25EDC7007D19BD /* Base */ = {isa = PBXFileReference; lastKnownFileType = file.storyboard; name = Base; path = Base.lproj/LaunchScreen.storyboard; sourceTree = "<group>"; };
		318BC4A52A25EDC7007D19BD /* Info.plist */ = {isa = PBXFileReference; lastKnownFileType = text.plist.xml; path = Info.plist; sourceTree = "<group>"; };
		318BC4A62A25EDC7007D19BD /* main.m */ = {isa = PBXFileReference; lastKnownFileType = sourcecode.c.objc; path = main.m; sourceTree = "<group>"; };
/* End PBXFileReference section */

/* Begin PBXFrameworksBuildPhase section */
		318BC48E2A25EDC4007D19BD /* Frameworks */ = {
			isa = PBXFrameworksBuildPhase;
			buildActionMask = 2147483647;
			files = (
			);
			runOnlyForDeploymentPostprocessing = 0;
		};
/* End PBXFrameworksBuildPhase section */

/* Begin PBXGroup section */
		310E26D92A2721AD009A6119 /* Category */ = {
			isa = PBXGroup;
			children = (
				310E26D52A271F51009A6119 /* Person+Category.h */,
				310E26D62A271F51009A6119 /* Person+Category.m */,
				310E26DF2A27221F009A6119 /* UIView+Frame.h */,
				310E26E02A27221F009A6119 /* UIView+Frame.m */,
			);
			path = Category;
			sourceTree = "<group>";
		};
		310E26DA2A2721BD009A6119 /* Extension */ = {
			isa = PBXGroup;
			children = (
				310E26D82A271F86009A6119 /* Person+Extension.h */,
			);
			path = Extension;
			sourceTree = "<group>";
		};
		310E26DB2A2721CA009A6119 /* Class */ = {
			isa = PBXGroup;
			children = (
				310E26CC2A262EE8009A6119 /* Person.h */,
				310E26CD2A262EE8009A6119 /* Person.m */,
				310E26CF2A262F06009A6119 /* Father.h */,
				310E26D02A262F06009A6119 /* Father.m */,
				310E26D22A262F1D009A6119 /* Son.h */,
				310E26D32A262F1E009A6119 /* Son.m */,
			);
			path = Class;
			sourceTree = "<group>";
		};
		310E26E32A272430009A6119 /* load */ = {
			isa = PBXGroup;
			children = (
				310E26E52A2724AE009A6119 /* Father+Load.h */,
				310E26E62A2724AE009A6119 /* Father+Load.m */,
				310E26E82A2724C2009A6119 /* Son+Load.h */,
				310E26E92A2724C2009A6119 /* Son+Load.m */,
			);
			path = load;
			sourceTree = "<group>";
		};
		310E26E42A27243B009A6119 /* initialize */ = {
			isa = PBXGroup;
			children = (
				310E26EE2A272509009A6119 /* Father+Initialize.h */,
				310E26EF2A272509009A6119 /* Father+Initialize.m */,
				310E26EB2A2724F1009A6119 /* Son+Initialize.h */,
				310E26EC2A2724F1009A6119 /* Son+Initialize.m */,
			);
			path = initialize;
			sourceTree = "<group>";
		};
		310E26F12A272589009A6119 /* Association */ = {
			isa = PBXGroup;
			children = (
				310E26F22A2725A1009A6119 /* Son+Association.h */,
				310E26F32A2725A1009A6119 /* Son+Association.m */,
			);
			path = Association;
			sourceTree = "<group>";
		};
		318BC4882A25EDC4007D19BD = {
			isa = PBXGroup;
			children = (
				318BC4932A25EDC4007D19BD /* CategoryDemo */,
				318BC4922A25EDC4007D19BD /* Products */,
			);
			sourceTree = "<group>";
		};
		318BC4922A25EDC4007D19BD /* Products */ = {
			isa = PBXGroup;
			children = (
				318BC4912A25EDC4007D19BD /* CategoryDemo.app */,
			);
			name = Products;
			sourceTree = "<group>";
		};
		318BC4932A25EDC4007D19BD /* CategoryDemo */ = {
			isa = PBXGroup;
			children = (
				310E26F12A272589009A6119 /* Association */,
				310E26E42A27243B009A6119 /* initialize */,
				310E26E32A272430009A6119 /* load */,
				310E26DB2A2721CA009A6119 /* Class */,
				310E26DA2A2721BD009A6119 /* Extension */,
				310E26D92A2721AD009A6119 /* Category */,
				318BC4942A25EDC4007D19BD /* AppDelegate.h */,
				318BC4952A25EDC4007D19BD /* AppDelegate.m */,
				318BC4972A25EDC4007D19BD /* SceneDelegate.h */,
				318BC4982A25EDC4007D19BD /* SceneDelegate.m */,
				318BC49A2A25EDC4007D19BD /* ViewController.h */,
				318BC49B2A25EDC4007D19BD /* ViewController.m */,
				318BC49D2A25EDC4007D19BD /* Main.storyboard */,
				318BC4A02A25EDC7007D19BD /* Assets.xcassets */,
				318BC4A22A25EDC7007D19BD /* LaunchScreen.storyboard */,
				318BC4A52A25EDC7007D19BD /* Info.plist */,
				318BC4A62A25EDC7007D19BD /* main.m */,
			);
			path = CategoryDemo;
			sourceTree = "<group>";
		};
/* End PBXGroup section */

/* Begin PBXNativeTarget section */
		318BC4902A25EDC4007D19BD /* CategoryDemo */ = {
			isa = PBXNativeTarget;
			buildConfigurationList = 318BC4AA2A25EDC7007D19BD /* Build configuration list for PBXNativeTarget "CategoryDemo" */;
			buildPhases = (
				318BC48D2A25EDC4007D19BD /* Sources */,
				318BC48E2A25EDC4007D19BD /* Frameworks */,
				318BC48F2A25EDC4007D19BD /* Resources */,
			);
			buildRules = (
			);
			dependencies = (
			);
			name = CategoryDemo;
			productName = CategoryDemo;
			productReference = 318BC4912A25EDC4007D19BD /* CategoryDemo.app */;
			productType = "com.apple.product-type.application";
		};
/* End PBXNativeTarget section */

/* Begin PBXProject section */
		318BC4892A25EDC4007D19BD /* Project object */ = {
			isa = PBXProject;
			attributes = {
				BuildIndependentTargetsInParallel = 1;
				LastUpgradeCheck = 1410;
				TargetAttributes = {
					318BC4902A25EDC4007D19BD = {
						CreatedOnToolsVersion = 14.1;
					};
				};
			};
			buildConfigurationList = 318BC48C2A25EDC4007D19BD /* Build configuration list for PBXProject "CategoryDemo" */;
			compatibilityVersion = "Xcode 14.0";
			developmentRegion = en;
			hasScannedForEncodings = 0;
			knownRegions = (
				en,
				Base,
			);
			mainGroup = 318BC4882A25EDC4007D19BD;
			productRefGroup = 318BC4922A25EDC4007D19BD /* Products */;
			projectDirPath = "";
			projectRoot = "";
			targets = (
				318BC4902A25EDC4007D19BD /* CategoryDemo */,
			);
		};
/* End PBXProject section */

/* Begin PBXResourcesBuildPhase section */
		318BC48F2A25EDC4007D19BD /* Resources */ = {
			isa = PBXResourcesBuildPhase;
			buildActionMask = 2147483647;
			files = (
				318BC4A42A25EDC7007D19BD /* LaunchScreen.storyboard in Resources */,
				318BC4A12A25EDC7007D19BD /* Assets.xcassets in Resources */,
				318BC49F2A25EDC4007D19BD /* Main.storyboard in Resources */,
			);
			runOnlyForDeploymentPostprocessing = 0;
		};
/* End PBXResourcesBuildPhase section */

/* Begin PBXSourcesBuildPhase section */
		318BC48D2A25EDC4007D19BD /* Sources */ = {
			isa = PBXSourcesBuildPhase;
			buildActionMask = 2147483647;
			files = (
				310E26D42A262F1E009A6119 /* Son.m in Sources */,
				310E26E72A2724AE009A6119 /* Father+Load.m in Sources */,
				310E26CE2A262EE8009A6119 /* Person.m in Sources */,
				318BC49C2A25EDC4007D19BD /* ViewController.m in Sources */,
				310E26ED2A2724F1009A6119 /* Son+Initialize.m in Sources */,
				310E26E12A27221F009A6119 /* UIView+Frame.m in Sources */,
				310E26F42A2725A1009A6119 /* Son+Association.m in Sources */,
				318BC4962A25EDC4007D19BD /* AppDelegate.m in Sources */,
				318BC4A72A25EDC7007D19BD /* main.m in Sources */,
				310E26D72A271F51009A6119 /* Person+Category.m in Sources */,
				310E26EA2A2724C2009A6119 /* Son+Load.m in Sources */,
				318BC4992A25EDC4007D19BD /* SceneDelegate.m in Sources */,
				310E26D12A262F06009A6119 /* Father.m in Sources */,
				310E26F02A272509009A6119 /* Father+Initialize.m in Sources */,
			);
			runOnlyForDeploymentPostprocessing = 0;
		};
/* End PBXSourcesBuildPhase section */

/* Begin PBXVariantGroup section */
		318BC49D2A25EDC4007D19BD /* Main.storyboard */ = {
			isa = PBXVariantGroup;
			children = (
				318BC49E2A25EDC4007D19BD /* Base */,
			);
			name = Main.storyboard;
			sourceTree = "<group>";
		};
		318BC4A22A25EDC7007D19BD /* LaunchScreen.storyboard */ = {
			isa = PBXVariantGroup;
			children = (
				318BC4A32A25EDC7007D19BD /* Base */,
			);
			name = LaunchScreen.storyboard;
			sourceTree = "<group>";
		};
/* End PBXVariantGroup section */

/* Begin XCBuildConfiguration section */
		318BC4A82A25EDC7007D19BD /* Debug */ = {
			isa = XCBuildConfiguration;
			buildSettings = {
				ALWAYS_SEARCH_USER_PATHS = NO;
				CLANG_ANALYZER_NONNULL = YES;
				CLANG_ANALYZER_NUMBER_OBJECT_CONVERSION = YES_AGGRESSIVE;
				CLANG_CXX_LANGUAGE_STANDARD = "gnu++20";
				CLANG_ENABLE_MODULES = YES;
				CLANG_ENABLE_OBJC_ARC = YES;
				CLANG_ENABLE_OBJC_WEAK = YES;
				CLANG_WARN_BLOCK_CAPTURE_AUTORELEASING = YES;
				CLANG_WARN_BOOL_CONVERSION = YES;
				CLANG_WARN_COMMA = YES;
				CLANG_WARN_CONSTANT_CONVERSION = YES;
				CLANG_WARN_DEPRECATED_OBJC_IMPLEMENTATIONS = YES;
				CLANG_WARN_DIRECT_OBJC_ISA_USAGE = YES_ERROR;
				CLANG_WARN_DOCUMENTATION_COMMENTS = YES;
				CLANG_WARN_EMPTY_BODY = YES;
				CLANG_WARN_ENUM_CONVERSION = YES;
				CLANG_WARN_INFINITE_RECURSION = YES;
				CLANG_WARN_INT_CONVERSION = YES;
				CLANG_WARN_NON_LITERAL_NULL_CONVERSION = YES;
				CLANG_WARN_OBJC_IMPLICIT_RETAIN_SELF = YES;
				CLANG_WARN_OBJC_LITERAL_CONVERSION = YES;
				CLANG_WARN_OBJC_ROOT_CLASS = YES_ERROR;
				CLANG_WARN_QUOTED_INCLUDE_IN_FRAMEWORK_HEADER = YES;
				CLANG_WARN_RANGE_LOOP_ANALYSIS = YES;
				CLANG_WARN_STRICT_PROTOTYPES = YES;
				CLANG_WARN_SUSPICIOUS_MOVE = YES;
				CLANG_WARN_UNGUARDED_AVAILABILITY = YES_AGGRESSIVE;
				CLANG_WARN_UNREACHABLE_CODE = YES;
				CLANG_WARN__DUPLICATE_METHOD_MATCH = YES;
				COPY_PHASE_STRIP = NO;
				DEBUG_INFORMATION_FORMAT = dwarf;
				ENABLE_STRICT_OBJC_MSGSEND = YES;
				ENABLE_TESTABILITY = YES;
				GCC_C_LANGUAGE_STANDARD = gnu11;
				GCC_DYNAMIC_NO_PIC = NO;
				GCC_NO_COMMON_BLOCKS = YES;
				GCC_OPTIMIZATION_LEVEL = 0;
				GCC_PREPROCESSOR_DEFINITIONS = (
					"DEBUG=1",
					"$(inherited)",
				);
				GCC_WARN_64_TO_32_BIT_CONVERSION = YES;
				GCC_WARN_ABOUT_RETURN_TYPE = YES_ERROR;
				GCC_WARN_UNDECLARED_SELECTOR = YES;
				GCC_WARN_UNINITIALIZED_AUTOS = YES_AGGRESSIVE;
				GCC_WARN_UNUSED_FUNCTION = YES;
				GCC_WARN_UNUSED_VARIABLE = YES;
				IPHONEOS_DEPLOYMENT_TARGET = 16.1;
				MTL_ENABLE_DEBUG_INFO = INCLUDE_SOURCE;
				MTL_FAST_MATH = YES;
				ONLY_ACTIVE_ARCH = YES;
				SDKROOT = iphoneos;
			};
			name = Debug;
		};
		318BC4A92A25EDC7007D19BD /* Release */ = {
			isa = XCBuildConfiguration;
			buildSettings = {
				ALWAYS_SEARCH_USER_PATHS = NO;
				CLANG_ANALYZER_NONNULL = YES;
				CLANG_ANALYZER_NUMBER_OBJECT_CONVERSION = YES_AGGRESSIVE;
				CLANG_CXX_LANGUAGE_STANDARD = "gnu++20";
				CLANG_ENABLE_MODULES = YES;
				CLANG_ENABLE_OBJC_ARC = YES;
				CLANG_ENABLE_OBJC_WEAK = YES;
				CLANG_WARN_BLOCK_CAPTURE_AUTORELEASING = YES;
				CLANG_WARN_BOOL_CONVERSION = YES;
				CLANG_WARN_COMMA = YES;
				CLANG_WARN_CONSTANT_CONVERSION = YES;
				CLANG_WARN_DEPRECATED_OBJC_IMPLEMENTATIONS = YES;
				CLANG_WARN_DIRECT_OBJC_ISA_USAGE = YES_ERROR;
				CLANG_WARN_DOCUMENTATION_COMMENTS = YES;
				CLANG_WARN_EMPTY_BODY = YES;
				CLANG_WARN_ENUM_CONVERSION = YES;
				CLANG_WARN_INFINITE_RECURSION = YES;
				CLANG_WARN_INT_CONVERSION = YES;
				CLANG_WARN_NON_LITERAL_NULL_CONVERSION = YES;
				CLANG_WARN_OBJC_IMPLICIT_RETAIN_SELF = YES;
				CLANG_WARN_OBJC_LITERAL_CONVERSION = YES;
				CLANG_WARN_OBJC_ROOT_CLASS = YES_ERROR;
				CLANG_WARN_QUOTED_INCLUDE_IN_FRAMEWORK_HEADER = YES;
				CLANG_WARN_RANGE_LOOP_ANALYSIS = YES;
				CLANG_WARN_STRICT_PROTOTYPES = YES;
				CLANG_WARN_SUSPICIOUS_MOVE = YES;
				CLANG_WARN_UNGUARDED_AVAILABILITY = YES_AGGRESSIVE;
				CLANG_WARN_UNREACHABLE_CODE = YES;
				CLANG_WARN__DUPLICATE_METHOD_MATCH = YES;
				COPY_PHASE_STRIP = NO;
				DEBUG_INFORMATION_FORMAT = "dwarf-with-dsym";
				ENABLE_NS_ASSERTIONS = NO;
				ENABLE_STRICT_OBJC_MSGSEND = YES;
				GCC_C_LANGUAGE_STANDARD = gnu11;
				GCC_NO_COMMON_BLOCKS = YES;
				GCC_WARN_64_TO_32_BIT_CONVERSION = YES;
				GCC_WARN_ABOUT_RETURN_TYPE = YES_ERROR;
				GCC_WARN_UNDECLARED_SELECTOR = YES;
				GCC_WARN_UNINITIALIZED_AUTOS = YES_AGGRESSIVE;
				GCC_WARN_UNUSED_FUNCTION = YES;
				GCC_WARN_UNUSED_VARIABLE = YES;
				IPHONEOS_DEPLOYMENT_TARGET = 16.1;
				MTL_ENABLE_DEBUG_INFO = NO;
				MTL_FAST_MATH = YES;
				SDKROOT = iphoneos;
				VALIDATE_PRODUCT = YES;
			};
			name = Release;
		};
		318BC4AB2A25EDC7007D19BD /* Debug */ = {
			isa = XCBuildConfiguration;
			buildSettings = {
				ASSETCATALOG_COMPILER_APPICON_NAME = AppIcon;
				ASSETCATALOG_COMPILER_GLOBAL_ACCENT_COLOR_NAME = AccentColor;
				CODE_SIGN_STYLE = Automatic;
				CURRENT_PROJECT_VERSION = 1;
				DEVELOPMENT_TEAM = 6S34JWBQE8;
				GENERATE_INFOPLIST_FILE = YES;
				INFOPLIST_FILE = CategoryDemo/Info.plist;
				INFOPLIST_KEY_UIApplicationSupportsIndirectInputEvents = YES;
				INFOPLIST_KEY_UILaunchStoryboardName = LaunchScreen;
				INFOPLIST_KEY_UIMainStoryboardFile = Main;
				INFOPLIST_KEY_UISupportedInterfaceOrientations_iPad = "UIInterfaceOrientationPortrait UIInterfaceOrientationPortraitUpsideDown UIInterfaceOrientationLandscapeLeft UIInterfaceOrientationLandscapeRight";
				INFOPLIST_KEY_UISupportedInterfaceOrientations_iPhone = "UIInterfaceOrientationPortrait UIInterfaceOrientationLandscapeLeft UIInterfaceOrientationLandscapeRight";
				LD_RUNPATH_SEARCH_PATHS = (
					"$(inherited)",
					"@executable_path/Frameworks",
				);
				MARKETING_VERSION = 1.0;
				PRODUCT_BUNDLE_IDENTIFIER = com.caosuyang.CategoryDemo;
				PRODUCT_NAME = "$(TARGET_NAME)";
				SWIFT_EMIT_LOC_STRINGS = YES;
				TARGETED_DEVICE_FAMILY = "1,2";
			};
			name = Debug;
		};
		318BC4AC2A25EDC7007D19BD /* Release */ = {
			isa = XCBuildConfiguration;
			buildSettings = {
				ASSETCATALOG_COMPILER_APPICON_NAME = AppIcon;
				ASSETCATALOG_COMPILER_GLOBAL_ACCENT_COLOR_NAME = AccentColor;
				CODE_SIGN_STYLE = Automatic;
				CURRENT_PROJECT_VERSION = 1;
				DEVELOPMENT_TEAM = 6S34JWBQE8;
				GENERATE_INFOPLIST_FILE = YES;
				INFOPLIST_FILE = CategoryDemo/Info.plist;
				INFOPLIST_KEY_UIApplicationSupportsIndirectInputEvents = YES;
				INFOPLIST_KEY_UILaunchStoryboardName = LaunchScreen;
				INFOPLIST_KEY_UIMainStoryboardFile = Main;
				INFOPLIST_KEY_UISupportedInterfaceOrientations_iPad = "UIInterfaceOrientationPortrait UIInterfaceOrientationPortraitUpsideDown UIInterfaceOrientationLandscapeLeft UIInterfaceOrientationLandscapeRight";
				INFOPLIST_KEY_UISupportedInterfaceOrientations_iPhone = "UIInterfaceOrientationPortrait UIInterfaceOrientationLandscapeLeft UIInterfaceOrientationLandscapeRight";
				LD_RUNPATH_SEARCH_PATHS = (
					"$(inherited)",
					"@executable_path/Frameworks",
				);
				MARKETING_VERSION = 1.0;
				PRODUCT_BUNDLE_IDENTIFIER = com.caosuyang.CategoryDemo;
				PRODUCT_NAME = "$(TARGET_NAME)";
				SWIFT_EMIT_LOC_STRINGS = YES;
				TARGETED_DEVICE_FAMILY = "1,2";
			};
			name = Release;
		};
/* End XCBuildConfiguration section */

/* Begin XCConfigurationList section */
		318BC48C2A25EDC4007D19BD /* Build configuration list for PBXProject "CategoryDemo" */ = {
			isa = XCConfigurationList;
			buildConfigurations = (
				318BC4A82A25EDC7007D19BD /* Debug */,
				318BC4A92A25EDC7007D19BD /* Release */,
			);
			defaultConfigurationIsVisible = 0;
			defaultConfigurationName = Release;
		};
		318BC4AA2A25EDC7007D19BD /* Build configuration list for PBXNativeTarget "CategoryDemo" */ = {
			isa = XCConfigurationList;
			buildConfigurations = (
				318BC4AB2A25EDC7007D19BD /* Debug */,
				318BC4AC2A25EDC7007D19BD /* Release */,
			);
			defaultConfigurationIsVisible = 0;
			defaultConfigurationName = Release;
		};
/* End XCConfigurationList section */
	};
	rootObject = 318BC4892A25EDC4007D19BD /* Project object */;
}
